{
  "name": "verymoutain-test",
  "version": "1.0.0",
  "lockfileVersion": 2,
  "requires": true,
  "packages": {
    "": {
      "name": "verymoutain-test",
      "version": "1.0.0",
      "dependencies": {
        "ajax": "^0.0.4",
        "jquery": "^3.7.0"
      }
    },
    "node_modules/ajax": {
      "version": "0.0.4",
      "resolved": "http://141.94.143.204:8099/repository/npm-group/ajax/-/ajax-0.0.4.tgz",
      "integrity": "sha512-IEgdnz67DKuv2i8AnytAYtD+sGNTpSlXcwQsZbKWVqdC/O7cuXN0GfwCuhi19fyhpD0Gl22T5amxd2unqj0FAQ==",
      "dependencies": {
        "underscore": ""
      },
      "engines": {
        "node": ">=0.4.0"
      }
    },
    "node_modules/jquery": {
      "version": "3.7.0",
      "resolved": "http://141.94.143.204:8099/repository/npm-group/jquery/-/jquery-3.7.0.tgz",
      "integrity": "sha512-umpJ0/k8X0MvD1ds0P9SfowREz2LenHsQaxSohMZ5OMNEU2r0tf8pdeEFTHMFxWVxKNyU9rTtK3CWzUCTKJUeQ==",
      "license": "MIT"
    },
    "node_modules/underscore": {
      "version": "1.13.6",
      "resolved": "http://141.94.143.204:8099/repository/npm-group/underscore/-/underscore-1.13.6.tgz",
      "integrity": "sha512-+A5Sja4HP1M08MaXya7p5LvjuM7K6q/2EaC0+iovj/wOcMsTzMvDFbasi/oSapiwOlt252IqsKqPjCl7huKS0A==",
      "license": "MIT"
    }
  },
  "dependencies": {
    "ajax": {
      "version": "0.0.4",
      "resolved": "http://141.94.143.204:8099/repository/npm-group/ajax/-/ajax-0.0.4.tgz",
      "integrity": "sha512-IEgdnz67DKuv2i8AnytAYtD+sGNTpSlXcwQsZbKWVqdC/O7cuXN0GfwCuhi19fyhpD0Gl22T5amxd2unqj0FAQ==",
      "requires": {
        "underscore": ""
      }
    },
    "jquery": {
      "version": "3.7.0",
      "resolved": "http://141.94.143.204:8099/repository/npm-group/jquery/-/jquery-3.7.0.tgz",
      "integrity": "sha512-umpJ0/k8X0MvD1ds0P9SfowREz2LenHsQaxSohMZ5OMNEU2r0tf8pdeEFTHMFxWVxKNyU9rTtK3CWzUCTKJUeQ=="
    },
    "underscore": {
      "version": "1.13.6",
      "resolved": "http://141.94.143.204:8099/repository/npm-group/underscore/-/underscore-1.13.6.tgz",
      "integrity": "sha512-+A5Sja4HP1M08MaXya7p5LvjuM7K6q/2EaC0+iovj/wOcMsTzMvDFbasi/oSapiwOlt252IqsKqPjCl7huKS0A=="
    }
  }
}
